// !$*UTF8*$!
{
	archiveVersion = 1;
	classes = {
	};
	objectVersion = 46;
	objects = {

/* Begin PBXBuildFile section */
		BB4CAE081EE776C200DA0EF5 /* PhoneNumberKit.framework in Frameworks */ = {isa = PBXBuildFile; fileRef = BB4CAE071EE776C200DA0EF5 /* PhoneNumberKit.framework */; };
		BB4CAE091EE776C200DA0EF5 /* PhoneNumberKit.framework in Embed Frameworks */ = {isa = PBXBuildFile; fileRef = BB4CAE071EE776C200DA0EF5 /* PhoneNumberKit.framework */; settings = {ATTRIBUTES = (CodeSignOnCopy, RemoveHeadersOnCopy, ); }; };
		BB67FF4E1EF1ED6A0032B9CA /* AppVerify.framework in Frameworks */ = {isa = PBXBuildFile; fileRef = BB67FF4D1EF1ED6A0032B9CA /* AppVerify.framework */; };
		BB67FF4F1EF1ED6A0032B9CA /* AppVerify.framework in Embed Frameworks */ = {isa = PBXBuildFile; fileRef = BB67FF4D1EF1ED6A0032B9CA /* AppVerify.framework */; settings = {ATTRIBUTES = (CodeSignOnCopy, RemoveHeadersOnCopy, ); }; };
		BBC98D291EF1BC08000261F1 /* AppDelegate.swift in Sources */ = {isa = PBXBuildFile; fileRef = BBC98D261EF1BC08000261F1 /* AppDelegate.swift */; };
		BBC98D2A1EF1BC08000261F1 /* VerifiedViewController.swift in Sources */ = {isa = PBXBuildFile; fileRef = BBC98D271EF1BC08000261F1 /* VerifiedViewController.swift */; };
		BBC98D2B1EF1BC08000261F1 /* ViewController.swift in Sources */ = {isa = PBXBuildFile; fileRef = BBC98D281EF1BC08000261F1 /* ViewController.swift */; };
		BBC98D2E1EF1BC2A000261F1 /* Main.storyboard in Resources */ = {isa = PBXBuildFile; fileRef = BBC98D2C1EF1BC2A000261F1 /* Main.storyboard */; };
		BBC98D321EF1BC39000261F1 /* Assets.xcassets in Resources */ = {isa = PBXBuildFile; fileRef = BBC98D2F1EF1BC39000261F1 /* Assets.xcassets */; };
		BBC98D331EF1BC39000261F1 /* Bokeh.sks in Resources */ = {isa = PBXBuildFile; fileRef = BBC98D301EF1BC39000261F1 /* Bokeh.sks */; };
		BBC98D371EF1BC45000261F1 /* LaunchScreen.storyboard in Resources */ = {isa = PBXBuildFile; fileRef = BBC98D351EF1BC45000261F1 /* LaunchScreen.storyboard */; };
		BBC98D391EF1BC4D000261F1 /* Info.plist in Resources */ = {isa = PBXBuildFile; fileRef = BBC98D381EF1BC4D000261F1 /* Info.plist */; };
/* End PBXBuildFile section */

/* Begin PBXCopyFilesBuildPhase section */
		BB9C00FF1E78965E00B69013 /* Embed Frameworks */ = {
			isa = PBXCopyFilesBuildPhase;
			buildActionMask = 2147483647;
			dstPath = "";
			dstSubfolderSpec = 10;
			files = (
				BB4CAE091EE776C200DA0EF5 /* PhoneNumberKit.framework in Embed Frameworks */,
				BB67FF4F1EF1ED6A0032B9CA /* AppVerify.framework in Embed Frameworks */,
			);
			name = "Embed Frameworks";
			runOnlyForDeploymentPostprocessing = 0;
		};
/* End PBXCopyFilesBuildPhase section */

/* Begin PBXFileReference section */
		BB4CAE071EE776C200DA0EF5 /* PhoneNumberKit.framework */ = {isa = PBXFileReference; lastKnownFileType = wrapper.framework; path = PhoneNumberKit.framework; sourceTree = "<group>"; };
		BB67FF4D1EF1ED6A0032B9CA /* AppVerify.framework */ = {isa = PBXFileReference; lastKnownFileType = wrapper.framework; path = AppVerify.framework; sourceTree = "<group>"; };
		BB776DFB1E2EE1BF00912385 /* AppVerifyDemo.app */ = {isa = PBXFileReference; explicitFileType = wrapper.application; includeInIndex = 0; path = AppVerifyDemo.app; sourceTree = BUILT_PRODUCTS_DIR; };
		BBC98D261EF1BC08000261F1 /* AppDelegate.swift */ = {isa = PBXFileReference; fileEncoding = 4; lastKnownFileType = sourcecode.swift; name = AppDelegate.swift; path = AppVerifyDemo/AppDelegate.swift; sourceTree = SOURCE_ROOT; };
		BBC98D271EF1BC08000261F1 /* VerifiedViewController.swift */ = {isa = PBXFileReference; fileEncoding = 4; lastKnownFileType = sourcecode.swift; name = VerifiedViewController.swift; path = AppVerifyDemo/VerifiedViewController.swift; sourceTree = SOURCE_ROOT; };
		BBC98D281EF1BC08000261F1 /* ViewController.swift */ = {isa = PBXFileReference; fileEncoding = 4; lastKnownFileType = sourcecode.swift; name = ViewController.swift; path = AppVerifyDemo/ViewController.swift; sourceTree = SOURCE_ROOT; };
		BBC98D2D1EF1BC2A000261F1 /* Base */ = {isa = PBXFileReference; lastKnownFileType = file.storyboard; name = Base; path = AppVerifyDemo/Base.lproj/Main.storyboard; sourceTree = SOURCE_ROOT; };
		BBC98D2F1EF1BC39000261F1 /* Assets.xcassets */ = {isa = PBXFileReference; lastKnownFileType = folder.assetcatalog; name = Assets.xcassets; path = AppVerifyDemo/Assets.xcassets; sourceTree = SOURCE_ROOT; };
		BBC98D301EF1BC39000261F1 /* Bokeh.sks */ = {isa = PBXFileReference; lastKnownFileType = file.sks; name = Bokeh.sks; path = AppVerifyDemo/Bokeh.sks; sourceTree = SOURCE_ROOT; };
		BBC98D361EF1BC45000261F1 /* Base */ = {isa = PBXFileReference; lastKnownFileType = file.storyboard; name = Base; path = AppVerifyDemo/Base.lproj/LaunchScreen.storyboard; sourceTree = SOURCE_ROOT; };
		BBC98D381EF1BC4D000261F1 /* Info.plist */ = {isa = PBXFileReference; fileEncoding = 4; lastKnownFileType = text.plist.xml; name = Info.plist; path = AppVerifyDemo/Info.plist; sourceTree = SOURCE_ROOT; };
/* End PBXFileReference section */

/* Begin PBXFrameworksBuildPhase section */
		BB776DF81E2EE1BF00912385 /* Frameworks */ = {
			isa = PBXFrameworksBuildPhase;
			buildActionMask = 2147483647;
			files = (
				BB4CAE081EE776C200DA0EF5 /* PhoneNumberKit.framework in Frameworks */,
				BB67FF4E1EF1ED6A0032B9CA /* AppVerify.framework in Frameworks */,
			);
			runOnlyForDeploymentPostprocessing = 0;
		};
/* End PBXFrameworksBuildPhase section */

/* Begin PBXGroup section */
		BB776DF21E2EE1BF00912385 = {
			isa = PBXGroup;
			children = (
				BB67FF4D1EF1ED6A0032B9CA /* AppVerify.framework */,
				BB776DFD1E2EE1BF00912385 /* AppVerifyDemo */,
				BB776DFC1E2EE1BF00912385 /* Products */,
				BB776E101E2EE1ED00912385 /* Frameworks */,
			);
			sourceTree = "<group>";
		};
		BB776DFC1E2EE1BF00912385 /* Products */ = {
			isa = PBXGroup;
			children = (
				BB776DFB1E2EE1BF00912385 /* AppVerifyDemo.app */,
			);
			name = Products;
			sourceTree = "<group>";
		};
		BB776DFD1E2EE1BF00912385 /* AppVerifyDemo */ = {
			isa = PBXGroup;
			children = (
				BBC98D261EF1BC08000261F1 /* AppDelegate.swift */,
				BBC98D271EF1BC08000261F1 /* VerifiedViewController.swift */,
				BBC98D281EF1BC08000261F1 /* ViewController.swift */,
				BBC98D2C1EF1BC2A000261F1 /* Main.storyboard */,
				BBC98D351EF1BC45000261F1 /* LaunchScreen.storyboard */,
				BBC98D2F1EF1BC39000261F1 /* Assets.xcassets */,
				BBC98D301EF1BC39000261F1 /* Bokeh.sks */,
				BBC98D381EF1BC4D000261F1 /* Info.plist */,
			);
			name = AppVerifyDemo;
			path = VerifySDKDemo;
			sourceTree = "<group>";
		};
		BB776E101E2EE1ED00912385 /* Frameworks */ = {
			isa = PBXGroup;
			children = (
				BB4CAE071EE776C200DA0EF5 /* PhoneNumberKit.framework */,
			);
			name = Frameworks;
			sourceTree = "<group>";
		};
/* End PBXGroup section */

/* Begin PBXNativeTarget section */
		BB776DFA1E2EE1BF00912385 /* AppVerifyDemo */ = {
			isa = PBXNativeTarget;
			buildConfigurationList = BB776E0D1E2EE1BF00912385 /* Build configuration list for PBXNativeTarget "AppVerifyDemo" */;
			buildPhases = (
				BB776DF71E2EE1BF00912385 /* Sources */,
				BB776DF81E2EE1BF00912385 /* Frameworks */,
				BB776DF91E2EE1BF00912385 /* Resources */,
				BB9C00FF1E78965E00B69013 /* Embed Frameworks */,
				BBAC9D201E53DA3E00E9C693 /* ShellScript */,
			);
			buildRules = (
			);
			dependencies = (
			);
			name = AppVerifyDemo;
			productName = VerifySDKDemo;
			productReference = BB776DFB1E2EE1BF00912385 /* AppVerifyDemo.app */;
			productType = "com.apple.product-type.application";
		};
/* End PBXNativeTarget section */

/* Begin PBXProject section */
		BB776DF31E2EE1BF00912385 /* Project object */ = {
			isa = PBXProject;
			attributes = {
				LastSwiftUpdateCheck = 0820;
				LastUpgradeCheck = 0820;
				ORGANIZATIONNAME = telesign;
				TargetAttributes = {
					BB776DFA1E2EE1BF00912385 = {
						CreatedOnToolsVersion = 8.2.1;
						DevelopmentTeam = 7R8L2L4CVX;
						LastSwiftMigration = 0830;
						ProvisioningStyle = Manual;
					};
				};
			};
			buildConfigurationList = BB776DF61E2EE1BF00912385 /* Build configuration list for PBXProject "AppVerifyDemo" */;
			compatibilityVersion = "Xcode 3.2";
			developmentRegion = English;
			hasScannedForEncodings = 0;
			knownRegions = (
				en,
				Base,
			);
			mainGroup = BB776DF21E2EE1BF00912385;
			productRefGroup = BB776DFC1E2EE1BF00912385 /* Products */;
			projectDirPath = "";
			projectRoot = "";
			targets = (
				BB776DFA1E2EE1BF00912385 /* AppVerifyDemo */,
			);
		};
/* End PBXProject section */

/* Begin PBXResourcesBuildPhase section */
		BB776DF91E2EE1BF00912385 /* Resources */ = {
			isa = PBXResourcesBuildPhase;
			buildActionMask = 2147483647;
			files = (
				BBC98D331EF1BC39000261F1 /* Bokeh.sks in Resources */,
				BBC98D391EF1BC4D000261F1 /* Info.plist in Resources */,
				BBC98D321EF1BC39000261F1 /* Assets.xcassets in Resources */,
				BBC98D371EF1BC45000261F1 /* LaunchScreen.storyboard in Resources */,
				BBC98D2E1EF1BC2A000261F1 /* Main.storyboard in Resources */,
			);
			runOnlyForDeploymentPostprocessing = 0;
		};
/* End PBXResourcesBuildPhase section */

/* Begin PBXShellScriptBuildPhase section */
		BBAC9D201E53DA3E00E9C693 /* ShellScript */ = {
			isa = PBXShellScriptBuildPhase;
			buildActionMask = 12;
			files = (
			);
			inputPaths = (
			);
			outputPaths = (
			);
			runOnlyForDeploymentPostprocessing = 0;
			shellPath = /bin/sh;
			shellScript = "echo \"Target architectures: $ARCHS\"\n\nAPP_PATH=\"${TARGET_BUILD_DIR}/${WRAPPER_NAME}\"\n\nfind \"$APP_PATH\" -name '*.framework' -type d | while read -r FRAMEWORK\ndo\nFRAMEWORK_EXECUTABLE_NAME=$(defaults read \"$FRAMEWORK/Info.plist\" CFBundleExecutable)\nFRAMEWORK_EXECUTABLE_PATH=\"$FRAMEWORK/$FRAMEWORK_EXECUTABLE_NAME\"\necho \"Executable is $FRAMEWORK_EXECUTABLE_PATH\"\necho $(lipo -info $FRAMEWORK_EXECUTABLE_PATH)\n\nFRAMEWORK_TMP_PATH=\"$FRAMEWORK_EXECUTABLE_PATH-tmp\"\n\n# remove simulator's archs if location is not simulator's directory\ncase \"${TARGET_BUILD_DIR}\" in\n*\"iphonesimulator\")\necho \"No need to remove archs\"\n;;\n*)\nif $(lipo $FRAMEWORK_EXECUTABLE_PATH -verify_arch \"i386\") ; then\nlipo -output $FRAMEWORK_TMP_PATH -remove \"i386\" $FRAMEWORK_EXECUTABLE_PATH\necho \"i386 architecture removed\"\nrm $FRAMEWORK_EXECUTABLE_PATH\nmv $FRAMEWORK_TMP_PATH $FRAMEWORK_EXECUTABLE_PATH\nfi\nif $(lipo $FRAMEWORK_EXECUTABLE_PATH -verify_arch \"x86_64\") ; then\nlipo -output $FRAMEWORK_TMP_PATH -remove \"x86_64\" $FRAMEWORK_EXECUTABLE_PATH\necho \"x86_64 architecture removed\"\nrm $FRAMEWORK_EXECUTABLE_PATH\nmv $FRAMEWORK_TMP_PATH $FRAMEWORK_EXECUTABLE_PATH\nfi\n;;\nesac\n\necho \"Completed for executable $FRAMEWORK_EXECUTABLE_PATH\"\necho $(lipo -info $FRAMEWORK_EXECUTABLE_PATH)\n\ndone";
		};
/* End PBXShellScriptBuildPhase section */

/* Begin PBXSourcesBuildPhase section */
		BB776DF71E2EE1BF00912385 /* Sources */ = {
			isa = PBXSourcesBuildPhase;
			buildActionMask = 2147483647;
			files = (
				BBC98D2B1EF1BC08000261F1 /* ViewController.swift in Sources */,
				BBC98D2A1EF1BC08000261F1 /* VerifiedViewController.swift in Sources */,
				BBC98D291EF1BC08000261F1 /* AppDelegate.swift in Sources */,
			);
			runOnlyForDeploymentPostprocessing = 0;
		};
/* End PBXSourcesBuildPhase section */

/* Begin PBXVariantGroup section */
		BBC98D2C1EF1BC2A000261F1 /* Main.storyboard */ = {
			isa = PBXVariantGroup;
			children = (
				BBC98D2D1EF1BC2A000261F1 /* Base */,
			);
			name = Main.storyboard;
			sourceTree = "<group>";
		};
		BBC98D351EF1BC45000261F1 /* LaunchScreen.storyboard */ = {
			isa = PBXVariantGroup;
			children = (
				BBC98D361EF1BC45000261F1 /* Base */,
			);
			name = LaunchScreen.storyboard;
			sourceTree = "<group>";
		};
/* End PBXVariantGroup section */

/* Begin XCBuildConfiguration section */
		BB776E0B1E2EE1BF00912385 /* Debug */ = {
			isa = XCBuildConfiguration;
			buildSettings = {
				ALWAYS_SEARCH_USER_PATHS = NO;
				CLANG_ANALYZER_LOCALIZABILITY_NONLOCALIZED = YES;
				CLANG_ANALYZER_NONNULL = YES;
				CLANG_CXX_LANGUAGE_STANDARD = "gnu++0x";
				CLANG_CXX_LIBRARY = "libc++";
				CLANG_ENABLE_MODULES = YES;
				CLANG_ENABLE_OBJC_ARC = YES;
				CLANG_WARN_BOOL_CONVERSION = YES;
				CLANG_WARN_CONSTANT_CONVERSION = YES;
				CLANG_WARN_DIRECT_OBJC_ISA_USAGE = YES_ERROR;
				CLANG_WARN_DOCUMENTATION_COMMENTS = YES;
				CLANG_WARN_EMPTY_BODY = YES;
				CLANG_WARN_ENUM_CONVERSION = YES;
				CLANG_WARN_INFINITE_RECURSION = YES;
				CLANG_WARN_INT_CONVERSION = YES;
				CLANG_WARN_OBJC_ROOT_CLASS = YES_ERROR;
				CLANG_WARN_SUSPICIOUS_MOVE = YES;
				CLANG_WARN_UNREACHABLE_CODE = YES;
				CLANG_WARN__DUPLICATE_METHOD_MATCH = YES;
				"CODE_SIGN_IDENTITY[sdk=iphoneos*]" = "iPhone Developer";
				COPY_PHASE_STRIP = NO;
				DEBUG_INFORMATION_FORMAT = dwarf;
				ENABLE_STRICT_OBJC_MSGSEND = YES;
				ENABLE_TESTABILITY = YES;
				GCC_C_LANGUAGE_STANDARD = gnu99;
				GCC_DYNAMIC_NO_PIC = NO;
				GCC_NO_COMMON_BLOCKS = YES;
				GCC_OPTIMIZATION_LEVEL = 0;
				GCC_PREPROCESSOR_DEFINITIONS = (
					"DEBUG=1",
					"$(inherited)",
				);
				GCC_WARN_64_TO_32_BIT_CONVERSION = YES;
				GCC_WARN_ABOUT_RETURN_TYPE = YES_ERROR;
				GCC_WARN_UNDECLARED_SELECTOR = YES;
				GCC_WARN_UNINITIALIZED_AUTOS = YES_AGGRESSIVE;
				GCC_WARN_UNUSED_FUNCTION = YES;
				GCC_WARN_UNUSED_VARIABLE = YES;
				IPHONEOS_DEPLOYMENT_TARGET = 10.2;
				LD_RUNPATH_SEARCH_PATHS = "@executable_path/Frameworks";
				MTL_ENABLE_DEBUG_INFO = YES;
				ONLY_ACTIVE_ARCH = YES;
				SDKROOT = iphoneos;
				SWIFT_ACTIVE_COMPILATION_CONDITIONS = DEBUG;
				SWIFT_OPTIMIZATION_LEVEL = "-Onone";
				TARGETED_DEVICE_FAMILY = "1,2";
			};
			name = Debug;
		};
		BB776E0C1E2EE1BF00912385 /* Release */ = {
			isa = XCBuildConfiguration;
			buildSettings = {
				ALWAYS_SEARCH_USER_PATHS = NO;
				CLANG_ANALYZER_LOCALIZABILITY_NONLOCALIZED = YES;
				CLANG_ANALYZER_NONNULL = YES;
				CLANG_CXX_LANGUAGE_STANDARD = "gnu++0x";
				CLANG_CXX_LIBRARY = "libc++";
				CLANG_ENABLE_MODULES = YES;
				CLANG_ENABLE_OBJC_ARC = YES;
				CLANG_WARN_BOOL_CONVERSION = YES;
				CLANG_WARN_CONSTANT_CONVERSION = YES;
				CLANG_WARN_DIRECT_OBJC_ISA_USAGE = YES_ERROR;
				CLANG_WARN_DOCUMENTATION_COMMENTS = YES;
				CLANG_WARN_EMPTY_BODY = YES;
				CLANG_WARN_ENUM_CONVERSION = YES;
				CLANG_WARN_INFINITE_RECURSION = YES;
				CLANG_WARN_INT_CONVERSION = YES;
				CLANG_WARN_OBJC_ROOT_CLASS = YES_ERROR;
				CLANG_WARN_SUSPICIOUS_MOVE = YES;
				CLANG_WARN_UNREACHABLE_CODE = YES;
				CLANG_WARN__DUPLICATE_METHOD_MATCH = YES;
				"CODE_SIGN_IDENTITY[sdk=iphoneos*]" = "iPhone Developer";
				COPY_PHASE_STRIP = NO;
				DEBUG_INFORMATION_FORMAT = "dwarf-with-dsym";
				ENABLE_NS_ASSERTIONS = NO;
				ENABLE_STRICT_OBJC_MSGSEND = YES;
				GCC_C_LANGUAGE_STANDARD = gnu99;
				GCC_NO_COMMON_BLOCKS = YES;
				GCC_WARN_64_TO_32_BIT_CONVERSION = YES;
				GCC_WARN_ABOUT_RETURN_TYPE = YES_ERROR;
				GCC_WARN_UNDECLARED_SELECTOR = YES;
				GCC_WARN_UNINITIALIZED_AUTOS = YES_AGGRESSIVE;
				GCC_WARN_UNUSED_FUNCTION = YES;
				GCC_WARN_UNUSED_VARIABLE = YES;
				IPHONEOS_DEPLOYMENT_TARGET = 10.2;
				LD_RUNPATH_SEARCH_PATHS = "@executable_path/Frameworks";
				MTL_ENABLE_DEBUG_INFO = NO;
				SDKROOT = iphoneos;
				SWIFT_OPTIMIZATION_LEVEL = "-Owholemodule";
				TARGETED_DEVICE_FAMILY = "1,2";
				VALIDATE_PRODUCT = YES;
			};
			name = Release;
		};
		BB776E0E1E2EE1BF00912385 /* Debug */ = {
			isa = XCBuildConfiguration;
			buildSettings = {
				ALWAYS_EMBED_SWIFT_STANDARD_LIBRARIES = YES;
				ASSETCATALOG_COMPILER_APPICON_NAME = AppIcon;
				CLANG_ENABLE_MODULES = YES;
				"CODE_SIGN_IDENTITY[sdk=iphoneos*]" = "iPhone Developer";
				DEVELOPMENT_TEAM = 7R8L2L4CVX;
				ENABLE_BITCODE = NO;
				FRAMEWORK_SEARCH_PATHS = "$(PROJECT_DIR)";
				INFOPLIST_FILE = "$(SRCROOT)/AppVerifyDemo/Info.plist";
				IPHONEOS_DEPLOYMENT_TARGET = 9.0;
				LD_RUNPATH_SEARCH_PATHS = "@executable_path/Frameworks";
				OTHER_SWIFT_FLAGS = "-Xfrontend -debug-time-function-bodies";
				PRODUCT_BUNDLE_IDENTIFIER = com.telesign.VerifySDKDemo;
				PRODUCT_NAME = "$(TARGET_NAME)";
				PROVISIONING_PROFILE = "8936ede5-23f8-4f97-92c9-4236b4a7c2da";
				PROVISIONING_PROFILE_SPECIFIER = "VerifySDKDemo Dev";
				SWIFT_INCLUDE_PATHS = "${SRCROOT}/AppVerifyDemo";
				SWIFT_OPTIMIZATION_LEVEL = "-Onone";
				SWIFT_VERSION = 3.0;
			};
			name = Debug;
		};
		BB776E0F1E2EE1BF00912385 /* Release */ = {
			isa = XCBuildConfiguration;
			buildSettings = {
				ALWAYS_EMBED_SWIFT_STANDARD_LIBRARIES = YES;
				ASSETCATALOG_COMPILER_APPICON_NAME = AppIcon;
				CLANG_ENABLE_MODULES = YES;
				CODE_SIGN_IDENTITY = "";
				"CODE_SIGN_IDENTITY[sdk=iphoneos*]" = "iPhone Distribution";
				DEVELOPMENT_TEAM = 7R8L2L4CVX;
				ENABLE_BITCODE = NO;
				FRAMEWORK_SEARCH_PATHS = "$(PROJECT_DIR)";
				INFOPLIST_FILE = "$(SRCROOT)/AppVerifyDemo/Info.plist";
				IPHONEOS_DEPLOYMENT_TARGET = 9.0;
				LD_RUNPATH_SEARCH_PATHS = "@executable_path/Frameworks";
				OTHER_SWIFT_FLAGS = "-Xfrontend -debug-time-function-bodies";
				PRODUCT_BUNDLE_IDENTIFIER = com.telesign.VerifySDKDemo;
				PRODUCT_NAME = "$(TARGET_NAME)";
				PROVISIONING_PROFILE = "4d007871-2c7d-4e33-b4d0-0fba56fb79bc";
				PROVISIONING_PROFILE_SPECIFIER = "VerifySDKDemo Distribution";
				SWIFT_INCLUDE_PATHS = "${SRCROOT}/AppVerifyDemo";
				SWIFT_VERSION = 3.0;
			};
			name = Release;
		};
/* End XCBuildConfiguration section */

/* Begin XCConfigurationList section */
		BB776DF61E2EE1BF00912385 /* Build configuration list for PBXProject "AppVerifyDemo" */ = {
			isa = XCConfigurationList;
			buildConfigurations = (
				BB776E0B1E2EE1BF00912385 /* Debug */,
				BB776E0C1E2EE1BF00912385 /* Release */,
			);
			defaultConfigurationIsVisible = 0;
			defaultConfigurationName = Release;
		};
		BB776E0D1E2EE1BF00912385 /* Build configuration list for PBXNativeTarget "AppVerifyDemo" */ = {
			isa = XCConfigurationList;
			buildConfigurations = (
				BB776E0E1E2EE1BF00912385 /* Debug */,
				BB776E0F1E2EE1BF00912385 /* Release */,
			);
			defaultConfigurationIsVisible = 0;
			defaultConfigurationName = Release;
		};
/* End XCConfigurationList section */
	};
	rootObject = BB776DF31E2EE1BF00912385 /* Project object */;
}
